PODS:
  - Aspects (1.4.1)
  - AutoRefresher (0.1.3):
    - Aspects

DEPENDENCIES:
  - AutoRefresher (from `../`)

EXTERNAL SOURCES:
  AutoRefresher:
    :path: ../

SPEC CHECKSUMS:
  Aspects: 7595ba96a6727a58ebcbfc954497fc5d2fdde546
  AutoRefresher: 5eb74b56197ce93a8d481e2871e8a5b726196b5a

PODFILE CHECKSUM: ed10746969235447ea0f4de4de7d3d65a0933154

COCOAPODS: 1.0.1
