PODS:
  - Aspects (1.4.1)
  - AutoRefresher (0.1.4):
    - Aspects

DEPENDENCIES:
  - AutoRefresher (from `../`)

EXTERNAL SOURCES:
  AutoRefresher:
    :path: ../

SPEC CHECKSUMS:
  Aspects: 7595ba96a6727a58ebcbfc954497fc5d2fdde546
  AutoRefresher: 232c33bf9b9e3379828f301bcb690560ca59c194

PODFILE CHECKSUM: ed10746969235447ea0f4de4de7d3d65a0933154

COCOAPODS: 1.0.1
